
Microsoft Visual Studio Solution File, Format Version 12.00
# Visual Studio 15
VisualStudioVersion = 15.0.28010.2003
MinimumVisualStudioVersion = 10.0.40219.1
Project("{FAE04EC0-301F-11D3-BF4B-00C04F79EFBC}") = "TreeManager.WebUI", "TreeManager\TreeManager.WebUI.csproj", "{70C5AF1A-D425-49E4-8742-6294A517DDDC}"
EndProject
Project("{FAE04EC0-301F-11D3-BF4B-00C04F79EFBC}") = "TreeManager.Domain", "TreeManager.Domain\TreeManager.Domain.csproj", "{6EAD4DEA-5D6A-4244-AD73-BE4AEFA69CF9}"
EndProject
Project("{FAE04EC0-301F-11D3-BF4B-00C04F79EFBC}") = "TreeManager.UnitTests", "TreeManager.UnitTests\TreeManager.UnitTests.csproj", "{3FF4126E-960D-4C68-8177-9C9902B4B8FD}"
EndProject
Global
	GlobalSection(SolutionConfigurationPlatforms) = preSolution
		Debug|Any CPU = Debug|Any CPU
		Release|Any CPU = Release|Any CPU
	EndGlobalSection
	GlobalSection(ProjectConfigurationPlatforms) = postSolution
		{70C5AF1A-D425-49E4-8742-6294A517DDDC}.Debug|Any CPU.ActiveCfg = Debug|Any CPU
		{70C5AF1A-D425-49E4-8742-6294A517DDDC}.Debug|Any CPU.Build.0 = Debug|Any CPU
		{70C5AF1A-D425-49E4-8742-6294A517DDDC}.Release|Any CPU.ActiveCfg = Release|Any CPU
		{70C5AF1A-D425-49E4-8742-6294A517DDDC}.Release|Any CPU.Build.0 = Release|Any CPU
		{6EAD4DEA-5D6A-4244-AD73-BE4AEFA69CF9}.Debug|Any CPU.ActiveCfg = Debug|Any CPU
		{6EAD4DEA-5D6A-4244-AD73-BE4AEFA69CF9}.Debug|Any CPU.Build.0 = Debug|Any CPU
		{6EAD4DEA-5D6A-4244-AD73-BE4AEFA69CF9}.Release|Any CPU.ActiveCfg = Release|Any CPU
		{6EAD4DEA-5D6A-4244-AD73-BE4AEFA69CF9}.Release|Any CPU.Build.0 = Release|Any CPU
		{3FF4126E-960D-4C68-8177-9C9902B4B8FD}.Debug|Any CPU.ActiveCfg = Debug|Any CPU
		{3FF4126E-960D-4C68-8177-9C9902B4B8FD}.Debug|Any CPU.Build.0 = Debug|Any CPU
		{3FF4126E-960D-4C68-8177-9C9902B4B8FD}.Release|Any CPU.ActiveCfg = Release|Any CPU
		{3FF4126E-960D-4C68-8177-9C9902B4B8FD}.Release|Any CPU.Build.0 = Release|Any CPU
	EndGlobalSection
	GlobalSection(SolutionProperties) = preSolution
		HideSolutionNode = FALSE
	EndGlobalSection
	GlobalSection(ExtensibilityGlobals) = postSolution
		SolutionGuid = {B24A8DA0-5355-40B1-9F99-42D4B8EF5AFF}
	EndGlobalSection
EndGlobal
